
Microsoft Visual Studio Solution File, Format Version 12.00
# Visual Studio Version 17
VisualStudioVersion = 17.6.33829.357
MinimumVisualStudioVersion = 10.0.40219.1
Project("{9A19103F-16F7-4668-BE54-9A1E7A4F7556}") = "LaktiBg", "LaktiBg\LaktiBg.csproj", "{C1DF6F3F-3B09-418F-A9B5-92D3F2829DB2}"
EndProject
Project("{9A19103F-16F7-4668-BE54-9A1E7A4F7556}") = "LaktiBg.Core", "LaktiBg.Core\LaktiBg.Core.csproj", "{92991623-6FA7-45A7-836D-F790D96DD191}"
EndProject
Project("{9A19103F-16F7-4668-BE54-9A1E7A4F7556}") = "LaktiBg.Infrastructure", "LaktiBg.Infrastructure\LaktiBg.Infrastructure.csproj", "{CA091021-C891-4F3C-AF56-9E292EB84739}"
EndProject
Project("{FAE04EC0-301F-11D3-BF4B-00C04F79EFBC}") = "LaktiBg.UnitTests", "LaktiBg.UnitTests\LaktiBg.UnitTests.csproj", "{FA18ECC1-FFE1-44DD-B486-5B6682010C31}"
EndProject
Global
	GlobalSection(SolutionConfigurationPlatforms) = preSolution
		Debug|Any CPU = Debug|Any CPU
		Release|Any CPU = Release|Any CPU
	EndGlobalSection
	GlobalSection(ProjectConfigurationPlatforms) = postSolution
		{C1DF6F3F-3B09-418F-A9B5-92D3F2829DB2}.Debug|Any CPU.ActiveCfg = Debug|Any CPU
		{C1DF6F3F-3B09-418F-A9B5-92D3F2829DB2}.Debug|Any CPU.Build.0 = Debug|Any CPU
		{C1DF6F3F-3B09-418F-A9B5-92D3F2829DB2}.Release|Any CPU.ActiveCfg = Release|Any CPU
		{C1DF6F3F-3B09-418F-A9B5-92D3F2829DB2}.Release|Any CPU.Build.0 = Release|Any CPU
		{92991623-6FA7-45A7-836D-F790D96DD191}.Debug|Any CPU.ActiveCfg = Debug|Any CPU
		{92991623-6FA7-45A7-836D-F790D96DD191}.Debug|Any CPU.Build.0 = Debug|Any CPU
		{92991623-6FA7-45A7-836D-F790D96DD191}.Release|Any CPU.ActiveCfg = Release|Any CPU
		{92991623-6FA7-45A7-836D-F790D96DD191}.Release|Any CPU.Build.0 = Release|Any CPU
		{CA091021-C891-4F3C-AF56-9E292EB84739}.Debug|Any CPU.ActiveCfg = Debug|Any CPU
		{CA091021-C891-4F3C-AF56-9E292EB84739}.Debug|Any CPU.Build.0 = Debug|Any CPU
		{CA091021-C891-4F3C-AF56-9E292EB84739}.Release|Any CPU.ActiveCfg = Release|Any CPU
		{CA091021-C891-4F3C-AF56-9E292EB84739}.Release|Any CPU.Build.0 = Release|Any CPU
		{FA18ECC1-FFE1-44DD-B486-5B6682010C31}.Debug|Any CPU.ActiveCfg = Debug|Any CPU
		{FA18ECC1-FFE1-44DD-B486-5B6682010C31}.Debug|Any CPU.Build.0 = Debug|Any CPU
		{FA18ECC1-FFE1-44DD-B486-5B6682010C31}.Release|Any CPU.ActiveCfg = Release|Any CPU
		{FA18ECC1-FFE1-44DD-B486-5B6682010C31}.Release|Any CPU.Build.0 = Release|Any CPU
	EndGlobalSection
	GlobalSection(SolutionProperties) = preSolution
		HideSolutionNode = FALSE
	EndGlobalSection
	GlobalSection(ExtensibilityGlobals) = postSolution
		SolutionGuid = {7783467D-BDC0-442F-8DBB-3F51F02B4C47}
	EndGlobalSection
EndGlobal
